<Solution>
  <Project Path="QuantityMeasurement.API/QuantityMeasurement.API.csproj" />
  <Project Path="QuantityMeasurement.Application/QuantityMeasurement.Application.csproj" />
  <Project Path="QuantityMeasurement.Business/QuantityMeasurement.Business.csproj" />
  <Project Path="QuantityMeasurement.Model/QuantityMeasurement.Model.csproj" />
  <Project Path="QuantityMeasurement.Tests/QuantityMeasurement.Tests.csproj" />
  <Project Path="QuantityMeasurementApp.Repository/QuantityMeasurementApp.Repository.csproj" />
</Solution>
